
Microsoft Visual Studio Solution File, Format Version 12.00
# Visual Studio Version 17
VisualStudioVersion = 17.0.31903.59
MinimumVisualStudioVersion = 10.0.40219.1
Project("{FAE04EC0-301F-11D3-BF4B-00C04F79EFBC}") = "Api", "Api\Api.csproj", "{E255AE4D-E399-4940-8A66-67354228A700}"
EndProject
Project("{FAE04EC0-301F-11D3-BF4B-00C04F79EFBC}") = "Domain", "Domain\Domain.csproj", "{9FE9F3ED-0D61-4CEF-A764-A09029DC008B}"
EndProject
Project("{FAE04EC0-301F-11D3-BF4B-00C04F79EFBC}") = "Crosscutting", "Crosscutting\Crosscutting.csproj", "{3999B176-FC07-42B9-BF7F-329E78957059}"
EndProject
Project("{FAE04EC0-301F-11D3-BF4B-00C04F79EFBC}") = "Test", "Test\Test.csproj", "{8D1BF811-C6C7-41FB-8773-9A7A791F1DA3}"
EndProject
Project("{FAE04EC0-301F-11D3-BF4B-00C04F79EFBC}") = "Infra.Data", "Infra.Data\Infra.Data.csproj", "{E5C51A04-FFAF-451E-AAF4-E09045B66FA6}"
EndProject
Global
	GlobalSection(SolutionConfigurationPlatforms) = preSolution
		Debug|Any CPU = Debug|Any CPU
		Release|Any CPU = Release|Any CPU
	EndGlobalSection
	GlobalSection(SolutionProperties) = preSolution
		HideSolutionNode = FALSE
	EndGlobalSection
	GlobalSection(ProjectConfigurationPlatforms) = postSolution
		{E255AE4D-E399-4940-8A66-67354228A700}.Debug|Any CPU.ActiveCfg = Debug|Any CPU
		{E255AE4D-E399-4940-8A66-67354228A700}.Debug|Any CPU.Build.0 = Debug|Any CPU
		{E255AE4D-E399-4940-8A66-67354228A700}.Release|Any CPU.ActiveCfg = Release|Any CPU
		{E255AE4D-E399-4940-8A66-67354228A700}.Release|Any CPU.Build.0 = Release|Any CPU
		{9FE9F3ED-0D61-4CEF-A764-A09029DC008B}.Debug|Any CPU.ActiveCfg = Debug|Any CPU
		{9FE9F3ED-0D61-4CEF-A764-A09029DC008B}.Debug|Any CPU.Build.0 = Debug|Any CPU
		{9FE9F3ED-0D61-4CEF-A764-A09029DC008B}.Release|Any CPU.ActiveCfg = Release|Any CPU
		{9FE9F3ED-0D61-4CEF-A764-A09029DC008B}.Release|Any CPU.Build.0 = Release|Any CPU
		{3999B176-FC07-42B9-BF7F-329E78957059}.Debug|Any CPU.ActiveCfg = Debug|Any CPU
		{3999B176-FC07-42B9-BF7F-329E78957059}.Debug|Any CPU.Build.0 = Debug|Any CPU
		{3999B176-FC07-42B9-BF7F-329E78957059}.Release|Any CPU.ActiveCfg = Release|Any CPU
		{3999B176-FC07-42B9-BF7F-329E78957059}.Release|Any CPU.Build.0 = Release|Any CPU
		{8D1BF811-C6C7-41FB-8773-9A7A791F1DA3}.Debug|Any CPU.ActiveCfg = Debug|Any CPU
		{8D1BF811-C6C7-41FB-8773-9A7A791F1DA3}.Debug|Any CPU.Build.0 = Debug|Any CPU
		{8D1BF811-C6C7-41FB-8773-9A7A791F1DA3}.Release|Any CPU.ActiveCfg = Release|Any CPU
		{8D1BF811-C6C7-41FB-8773-9A7A791F1DA3}.Release|Any CPU.Build.0 = Release|Any CPU
		{E5C51A04-FFAF-451E-AAF4-E09045B66FA6}.Debug|Any CPU.ActiveCfg = Debug|Any CPU
		{E5C51A04-FFAF-451E-AAF4-E09045B66FA6}.Debug|Any CPU.Build.0 = Debug|Any CPU
		{E5C51A04-FFAF-451E-AAF4-E09045B66FA6}.Release|Any CPU.ActiveCfg = Release|Any CPU
		{E5C51A04-FFAF-451E-AAF4-E09045B66FA6}.Release|Any CPU.Build.0 = Release|Any CPU
	EndGlobalSection
EndGlobal
